// !$*UTF8*$!
{
	archiveVersion = 1;
	classes = {
	};
	objectVersion = 48;
	objects = {

/* Begin PBXBuildFile section */
		69B7A8C62039D46100E0B8F9 /* AppDelegate.swift in Sources */ = {isa = PBXBuildFile; fileRef = 69B7A8C52039D46100E0B8F9 /* AppDelegate.swift */; };
		69B7A8C82039D46100E0B8F9 /* ViewController.swift in Sources */ = {isa = PBXBuildFile; fileRef = 69B7A8C72039D46100E0B8F9 /* ViewController.swift */; };
		69B7A8CB2039D46100E0B8F9 /* Main.storyboard in Resources */ = {isa = PBXBuildFile; fileRef = 69B7A8C92039D46100E0B8F9 /* Main.storyboard */; };
		69B7A8CD2039D46100E0B8F9 /* Assets.xcassets in Resources */ = {isa = PBXBuildFile; fileRef = 69B7A8CC2039D46100E0B8F9 /* Assets.xcassets */; };
		69B7A8D02039D46100E0B8F9 /* LaunchScreen.storyboard in Resources */ = {isa = PBXBuildFile; fileRef = 69B7A8CE2039D46100E0B8F9 /* LaunchScreen.storyboard */; };
/* End PBXBuildFile section */

/* Begin PBXFileReference section */
		69B7A8C22039D46100E0B8F9 /* Simon says.app */ = {isa = PBXFileReference; explicitFileType = wrapper.application; includeInIndex = 0; path = "Simon says.app"; sourceTree = BUILT_PRODUCTS_DIR; };
		69B7A8C52039D46100E0B8F9 /* AppDelegate.swift */ = {isa = PBXFileReference; lastKnownFileType = sourcecode.swift; path = AppDelegate.swift; sourceTree = "<group>"; };
		69B7A8C72039D46100E0B8F9 /* ViewController.swift */ = {isa = PBXFileReference; lastKnownFileType = sourcecode.swift; path = ViewController.swift; sourceTree = "<group>"; };
		69B7A8CA2039D46100E0B8F9 /* Base */ = {isa = PBXFileReference; lastKnownFileType = file.storyboard; name = Base; path = Base.lproj/Main.storyboard; sourceTree = "<group>"; };
		69B7A8CC2039D46100E0B8F9 /* Assets.xcassets */ = {isa = PBXFileReference; lastKnownFileType = folder.assetcatalog; path = Assets.xcassets; sourceTree = "<group>"; };
		69B7A8CF2039D46100E0B8F9 /* Base */ = {isa = PBXFileReference; lastKnownFileType = file.storyboard; name = Base; path = Base.lproj/LaunchScreen.storyboard; sourceTree = "<group>"; };
		69B7A8D12039D46100E0B8F9 /* Info.plist */ = {isa = PBXFileReference; lastKnownFileType = text.plist.xml; path = Info.plist; sourceTree = "<group>"; };
/* End PBXFileReference section */

/* Begin PBXFrameworksBuildPhase section */
		69B7A8BF2039D46100E0B8F9 /* Frameworks */ = {
			isa = PBXFrameworksBuildPhase;
			buildActionMask = 2147483647;
			files = (
			);
			runOnlyForDeploymentPostprocessing = 0;
		};
/* End PBXFrameworksBuildPhase section */

/* Begin PBXGroup section */
		69B7A8B92039D46100E0B8F9 = {
			isa = PBXGroup;
			children = (
				69B7A8C42039D46100E0B8F9 /* Simon says */,
				69B7A8C32039D46100E0B8F9 /* Products */,
			);
			sourceTree = "<group>";
		};
		69B7A8C32039D46100E0B8F9 /* Products */ = {
			isa = PBXGroup;
			children = (
				69B7A8C22039D46100E0B8F9 /* Simon says.app */,
			);
			name = Products;
			sourceTree = "<group>";
		};
		69B7A8C42039D46100E0B8F9 /* Simon says */ = {
			isa = PBXGroup;
			children = (
				69B7A8C52039D46100E0B8F9 /* AppDelegate.swift */,
				69B7A8C72039D46100E0B8F9 /* ViewController.swift */,
				69B7A8C92039D46100E0B8F9 /* Main.storyboard */,
				69B7A8CC2039D46100E0B8F9 /* Assets.xcassets */,
				69B7A8CE2039D46100E0B8F9 /* LaunchScreen.storyboard */,
				69B7A8D12039D46100E0B8F9 /* Info.plist */,
			);
			path = "Simon says";
			sourceTree = "<group>";
		};
/* End PBXGroup section */

/* Begin PBXNativeTarget section */
		69B7A8C12039D46100E0B8F9 /* Simon says */ = {
			isa = PBXNativeTarget;
			buildConfigurationList = 69B7A8D42039D46100E0B8F9 /* Build configuration list for PBXNativeTarget "Simon says" */;
			buildPhases = (
				69B7A8BE2039D46100E0B8F9 /* Sources */,
				69B7A8BF2039D46100E0B8F9 /* Frameworks */,
				69B7A8C02039D46100E0B8F9 /* Resources */,
			);
			buildRules = (
			);
			dependencies = (
			);
			name = "Simon says";
			productName = "Simon says";
			productReference = 69B7A8C22039D46100E0B8F9 /* Simon says.app */;
			productType = "com.apple.product-type.application";
		};
/* End PBXNativeTarget section */

/* Begin PBXProject section */
		69B7A8BA2039D46100E0B8F9 /* Project object */ = {
			isa = PBXProject;
			attributes = {
				LastSwiftUpdateCheck = 0900;
				LastUpgradeCheck = 0900;
				ORGANIZATIONNAME = AliceChang;
				TargetAttributes = {
					69B7A8C12039D46100E0B8F9 = {
						CreatedOnToolsVersion = 9.0;
						ProvisioningStyle = Automatic;
					};
				};
			};
			buildConfigurationList = 69B7A8BD2039D46100E0B8F9 /* Build configuration list for PBXProject "Simon says" */;
			compatibilityVersion = "Xcode 8.0";
			developmentRegion = en;
			hasScannedForEncodings = 0;
			knownRegions = (
				en,
				Base,
			);
			mainGroup = 69B7A8B92039D46100E0B8F9;
			productRefGroup = 69B7A8C32039D46100E0B8F9 /* Products */;
			projectDirPath = "";
			projectRoot = "";
			targets = (
				69B7A8C12039D46100E0B8F9 /* Simon says */,
			);
		};
/* End PBXProject section */

/* Begin PBXResourcesBuildPhase section */
		69B7A8C02039D46100E0B8F9 /* Resources */ = {
			isa = PBXResourcesBuildPhase;
			buildActionMask = 2147483647;
			files = (
				69B7A8D02039D46100E0B8F9 /* LaunchScreen.storyboard in Resources */,
				69B7A8CD2039D46100E0B8F9 /* Assets.xcassets in Resources */,
				69B7A8CB2039D46100E0B8F9 /* Main.storyboard in Resources */,
			);
			runOnlyForDeploymentPostprocessing = 0;
		};
/* End PBXResourcesBuildPhase section */

/* Begin PBXSourcesBuildPhase section */
		69B7A8BE2039D46100E0B8F9 /* Sources */ = {
			isa = PBXSourcesBuildPhase;
			buildActionMask = 2147483647;
			files = (
				69B7A8C82039D46100E0B8F9 /* ViewController.swift in Sources */,
				69B7A8C62039D46100E0B8F9 /* AppDelegate.swift in Sources */,
			);
			runOnlyForDeploymentPostprocessing = 0;
		};
/* End PBXSourcesBuildPhase section */

/* Begin PBXVariantGroup section */
		69B7A8C92039D46100E0B8F9 /* Main.storyboard */ = {
			isa = PBXVariantGroup;
			children = (
				69B7A8CA2039D46100E0B8F9 /* Base */,
			);
			name = Main.storyboard;
			sourceTree = "<group>";
		};
		69B7A8CE2039D46100E0B8F9 /* LaunchScreen.storyboard */ = {
			isa = PBXVariantGroup;
			children = (
				69B7A8CF2039D46100E0B8F9 /* Base */,
			);
			name = LaunchScreen.storyboard;
			sourceTree = "<group>";
		};
/* End PBXVariantGroup section */

/* Begin XCBuildConfiguration section */
		69B7A8D22039D46100E0B8F9 /* Debug */ = {
			isa = XCBuildConfiguration;
			buildSettings = {
				ALWAYS_SEARCH_USER_PATHS = NO;
				CLANG_ANALYZER_NONNULL = YES;
				CLANG_ANALYZER_NUMBER_OBJECT_CONVERSION = YES_AGGRESSIVE;
				CLANG_CXX_LANGUAGE_STANDARD = "gnu++14";
				CLANG_CXX_LIBRARY = "libc++";
				CLANG_ENABLE_MODULES = YES;
				CLANG_ENABLE_OBJC_ARC = YES;
				CLANG_WARN_BLOCK_CAPTURE_AUTORELEASING = YES;
				CLANG_WARN_BOOL_CONVERSION = YES;
				CLANG_WARN_COMMA = YES;
				CLANG_WARN_CONSTANT_CONVERSION = YES;
				CLANG_WARN_DIRECT_OBJC_ISA_USAGE = YES_ERROR;
				CLANG_WARN_DOCUMENTATION_COMMENTS = YES;
				CLANG_WARN_EMPTY_BODY = YES;
				CLANG_WARN_ENUM_CONVERSION = YES;
				CLANG_WARN_INFINITE_RECURSION = YES;
				CLANG_WARN_INT_CONVERSION = YES;
				CLANG_WARN_NON_LITERAL_NULL_CONVERSION = YES;
				CLANG_WARN_OBJC_LITERAL_CONVERSION = YES;
				CLANG_WARN_OBJC_ROOT_CLASS = YES_ERROR;
				CLANG_WARN_RANGE_LOOP_ANALYSIS = YES;
				CLANG_WARN_STRICT_PROTOTYPES = YES;
				CLANG_WARN_SUSPICIOUS_MOVE = YES;
				CLANG_WARN_UNGUARDED_AVAILABILITY = YES_AGGRESSIVE;
				CLANG_WARN_UNREACHABLE_CODE = YES;
				CLANG_WARN__DUPLICATE_METHOD_MATCH = YES;
				CODE_SIGN_IDENTITY = "iPhone Developer";
				COPY_PHASE_STRIP = NO;
				DEBUG_INFORMATION_FORMAT = dwarf;
				ENABLE_STRICT_OBJC_MSGSEND = YES;
				ENABLE_TESTABILITY = YES;
				GCC_C_LANGUAGE_STANDARD = gnu11;
				GCC_DYNAMIC_NO_PIC = NO;
				GCC_NO_COMMON_BLOCKS = YES;
				GCC_OPTIMIZATION_LEVEL = 0;
				GCC_PREPROCESSOR_DEFINITIONS = (
					"DEBUG=1",
					"$(inherited)",
				);
				GCC_WARN_64_TO_32_BIT_CONVERSION = YES;
				GCC_WARN_ABOUT_RETURN_TYPE = YES_ERROR;
				GCC_WARN_UNDECLARED_SELECTOR = YES;
				GCC_WARN_UNINITIALIZED_AUTOS = YES_AGGRESSIVE;
				GCC_WARN_UNUSED_FUNCTION = YES;
				GCC_WARN_UNUSED_VARIABLE = YES;
				IPHONEOS_DEPLOYMENT_TARGET = 11.0;
				MTL_ENABLE_DEBUG_INFO = YES;
				ONLY_ACTIVE_ARCH = YES;
				SDKROOT = iphoneos;
				SWIFT_ACTIVE_COMPILATION_CONDITIONS = DEBUG;
				SWIFT_OPTIMIZATION_LEVEL = "-Onone";
			};
			name = Debug;
		};
		69B7A8D32039D46100E0B8F9 /* Release */ = {
			isa = XCBuildConfiguration;
			buildSettings = {
				ALWAYS_SEARCH_USER_PATHS = NO;
				CLANG_ANALYZER_NONNULL = YES;
				CLANG_ANALYZER_NUMBER_OBJECT_CONVERSION = YES_AGGRESSIVE;
				CLANG_CXX_LANGUAGE_STANDARD = "gnu++14";
				CLANG_CXX_LIBRARY = "libc++";
				CLANG_ENABLE_MODULES = YES;
				CLANG_ENABLE_OBJC_ARC = YES;
				CLANG_WARN_BLOCK_CAPTURE_AUTORELEASING = YES;
				CLANG_WARN_BOOL_CONVERSION = YES;
				CLANG_WARN_COMMA = YES;
				CLANG_WARN_CONSTANT_CONVERSION = YES;
				CLANG_WARN_DIRECT_OBJC_ISA_USAGE = YES_ERROR;
				CLANG_WARN_DOCUMENTATION_COMMENTS = YES;
				CLANG_WARN_EMPTY_BODY = YES;
				CLANG_WARN_ENUM_CONVERSION = YES;
				CLANG_WARN_INFINITE_RECURSION = YES;
				CLANG_WARN_INT_CONVERSION = YES;
				CLANG_WARN_NON_LITERAL_NULL_CONVERSION = YES;
				CLANG_WARN_OBJC_LITERAL_CONVERSION = YES;
				CLANG_WARN_OBJC_ROOT_CLASS = YES_ERROR;
				CLANG_WARN_RANGE_LOOP_ANALYSIS = YES;
				CLANG_WARN_STRICT_PROTOTYPES = YES;
				CLANG_WARN_SUSPICIOUS_MOVE = YES;
				CLANG_WARN_UNGUARDED_AVAILABILITY = YES_AGGRESSIVE;
				CLANG_WARN_UNREACHABLE_CODE = YES;
				CLANG_WARN__DUPLICATE_METHOD_MATCH = YES;
				CODE_SIGN_IDENTITY = "iPhone Developer";
				COPY_PHASE_STRIP = NO;
				DEBUG_INFORMATION_FORMAT = "dwarf-with-dsym";
				ENABLE_NS_ASSERTIONS = NO;
				ENABLE_STRICT_OBJC_MSGSEND = YES;
				GCC_C_LANGUAGE_STANDARD = gnu11;
				GCC_NO_COMMON_BLOCKS = YES;
				GCC_WARN_64_TO_32_BIT_CONVERSION = YES;
				GCC_WARN_ABOUT_RETURN_TYPE = YES_ERROR;
				GCC_WARN_UNDECLARED_SELECTOR = YES;
				GCC_WARN_UNINITIALIZED_AUTOS = YES_AGGRESSIVE;
				GCC_WARN_UNUSED_FUNCTION = YES;
				GCC_WARN_UNUSED_VARIABLE = YES;
				IPHONEOS_DEPLOYMENT_TARGET = 11.0;
				MTL_ENABLE_DEBUG_INFO = NO;
				SDKROOT = iphoneos;
				SWIFT_OPTIMIZATION_LEVEL = "-Owholemodule";
				VALIDATE_PRODUCT = YES;
			};
			name = Release;
		};
		69B7A8D52039D46100E0B8F9 /* Debug */ = {
			isa = XCBuildConfiguration;
			buildSettings = {
				ASSETCATALOG_COMPILER_APPICON_NAME = AppIcon;
				CODE_SIGN_STYLE = Automatic;
				DEVELOPMENT_TEAM = CHZWYBA9N7;
				INFOPLIST_FILE = "Simon says/Info.plist";
				LD_RUNPATH_SEARCH_PATHS = "$(inherited) @executable_path/Frameworks";
				PRODUCT_BUNDLE_IDENTIFIER = "com.AliceChang.Simon-says";
				PRODUCT_NAME = "$(TARGET_NAME)";
				SWIFT_VERSION = 4.0;
				TARGETED_DEVICE_FAMILY = "1,2";
			};
			name = Debug;
		};
		69B7A8D62039D46100E0B8F9 /* Release */ = {
			isa = XCBuildConfiguration;
			buildSettings = {
				ASSETCATALOG_COMPILER_APPICON_NAME = AppIcon;
				CODE_SIGN_STYLE = Automatic;
				DEVELOPMENT_TEAM = CHZWYBA9N7;
				INFOPLIST_FILE = "Simon says/Info.plist";
				LD_RUNPATH_SEARCH_PATHS = "$(inherited) @executable_path/Frameworks";
				PRODUCT_BUNDLE_IDENTIFIER = "com.AliceChang.Simon-says";
				PRODUCT_NAME = "$(TARGET_NAME)";
				SWIFT_VERSION = 4.0;
				TARGETED_DEVICE_FAMILY = "1,2";
			};
			name = Release;
		};
/* End XCBuildConfiguration section */

/* Begin XCConfigurationList section */
		69B7A8BD2039D46100E0B8F9 /* Build configuration list for PBXProject "Simon says" */ = {
			isa = XCConfigurationList;
			buildConfigurations = (
				69B7A8D22039D46100E0B8F9 /* Debug */,
				69B7A8D32039D46100E0B8F9 /* Release */,
			);
			defaultConfigurationIsVisible = 0;
			defaultConfigurationName = Release;
		};
		69B7A8D42039D46100E0B8F9 /* Build configuration list for PBXNativeTarget "Simon says" */ = {
			isa = XCConfigurationList;
			buildConfigurations = (
				69B7A8D52039D46100E0B8F9 /* Debug */,
				69B7A8D62039D46100E0B8F9 /* Release */,
			);
			defaultConfigurationIsVisible = 0;
			defaultConfigurationName = Release;
		};
/* End XCConfigurationList section */
	};
	rootObject = 69B7A8BA2039D46100E0B8F9 /* Project object */;
}
